
Microsoft Visual Studio Solution File, Format Version 12.00
# Visual Studio Version 16
VisualStudioVersion = 16.0.29613.14
MinimumVisualStudioVersion = 10.0.40219.1
Project("{FAE04EC0-301F-11D3-BF4B-00C04F79EFBC}") = "VLTest2015", "VLTest2015\VLTest2015.csproj", "{CD7709E9-2B10-4CE6-8186-DA805D8A5D1F}"
EndProject
Project("{9A19103F-16F7-4668-BE54-9A1E7A4F7556}") = "VL.Amusing", "VL.Amusing\VL.Amusing.csproj", "{D6DE71A1-7D49-4DBF-913A-9CF205869CE8}"
EndProject
Project("{2150E333-8FDC-42A3-9474-1A3956D46DE8}") = "Z.NetCore", "Z.NetCore", "{0355904F-ECB9-4A31-994D-08B2711B62A2}"
EndProject
Project("{9A19103F-16F7-4668-BE54-9A1E7A4F7556}") = "VL.NUnit", "VL.NUnit\VL.NUnit.csproj", "{20109902-DF70-425B-AE62-B2E4FB6371B4}"
EndProject
Project("{9A19103F-16F7-4668-BE54-9A1E7A4F7556}") = "VL.Consolo_Core", "VL.Console\VL.Consolo_Core.csproj", "{6C72068E-5115-4F5D-A457-2D434805E2EB}"
EndProject
Project("{2150E333-8FDC-42A3-9474-1A3956D46DE8}") = "Z.Framework", "Z.Framework", "{45085A16-EC66-42D3-BE91-964E3BBCD42F}"
EndProject
Project("{FAE04EC0-301F-11D3-BF4B-00C04F79EFBC}") = "GJ.SyncFile_TXJH", "FileSystemWatcher\GJ.SyncFile_TXJH.csproj", "{69EF77D1-9A70-4851-A1F1-77E9C8E1DEB1}"
EndProject
Project("{9A19103F-16F7-4668-BE54-9A1E7A4F7556}") = "VL.RabbitMQConsumer", "VL.RabbitMQ_Comsumer\VL.RabbitMQConsumer.csproj", "{AB6FD505-B72F-4626-A45D-89DDF513A1AD}"
EndProject
Project("{9A19103F-16F7-4668-BE54-9A1E7A4F7556}") = "VL.RabbitMQProducer", "VL.RabbitMQProducer\VL.RabbitMQProducer.csproj", "{0E73551E-4CB0-4B1E-BD5C-0A60E4704545}"
EndProject
Project("{9A19103F-16F7-4668-BE54-9A1E7A4F7556}") = "WebAPI.VLServer.Core31", "VL.API\WebAPI.VLServer.Core31.csproj", "{4773F251-1808-47BD-AC7C-C0CD96106689}"
EndProject
Project("{9A19103F-16F7-4668-BE54-9A1E7A4F7556}") = "VL.WebApplication", "VL.WebApplication\VL.WebApplication.csproj", "{820048BF-9A93-49F7-80CD-89E779278D2E}"
EndProject
Project("{FAE04EC0-301F-11D3-BF4B-00C04F79EFBC}") = "VL.Consolo_Framework", "FrameworkTest\VL.Consolo_Framework.csproj", "{975342C6-A3C5-4AC6-AACE-109F01C5AA93}"
	ProjectSection(ProjectDependencies) = postProject
		{10786C3E-7F00-42FC-907B-E01FCAA54E6E} = {10786C3E-7F00-42FC-907B-E01FCAA54E6E}
		{56BF16A7-0FFF-45A0-8D38-6D5C628E4D45} = {56BF16A7-0FFF-45A0-8D38-6D5C628E4D45}
	EndProjectSection
EndProject
Project("{FAE04EC0-301F-11D3-BF4B-00C04F79EFBC}") = "VL.Scheduler", "VL.WindowsFormsApp\VL.Scheduler.csproj", "{7767A9D0-1BB6-4751-B1C2-63A785A856F5}"
EndProject
Project("{FAE04EC0-301F-11D3-BF4B-00C04F79EFBC}") = "FS.SyncTask", "FS.SyncTask\FS.SyncTask.csproj", "{B272E273-8570-46A0-8A45-DB926E0F6866}"
EndProject
Project("{2150E333-8FDC-42A3-9474-1A3956D46DE8}") = "Business_Framework", "Business_Framework", "{50A139EF-55FE-4799-8334-AC3B5E2A255A}"
EndProject
Project("{FAE04EC0-301F-11D3-BF4B-00C04F79EFBC}") = "FS.SyncManager", "FS.SyncManager\FS.SyncManager.csproj", "{F5F5A093-5332-4BC1-8FF5-938CA4C316E2}"
EndProject
Project("{FAE04EC0-301F-11D3-BF4B-00C04F79EFBC}") = "VL.Swagger_api", "VL.Swagger\VL.Swagger_api.csproj", "{0094FE53-9AAC-4AA6-974C-53CF0EE32B41}"
EndProject
Project("{FAE04EC0-301F-11D3-BF4B-00C04F79EFBC}") = "VL.Swagger_mvc", "VL.Swagger_mvc\VL.Swagger_mvc.csproj", "{5FB5ABA3-D26E-4170-8690-3B2FEACEFEB2}"
EndProject
Project("{2150E333-8FDC-42A3-9474-1A3956D46DE8}") = "Business_Core", "Business_Core", "{6148F30A-8C0B-492B-884F-4E3E0C88B458}"
EndProject
Project("{9A19103F-16F7-4668-BE54-9A1E7A4F7556}") = "BBee", "VL.Research\BBee.csproj", "{3532330A-D778-4C42-AF70-7B27FD77DD65}"
EndProject
Project("{FAE04EC0-301F-11D3-BF4B-00C04F79EFBC}") = "CookieSample", "CookieSample\CookieSample.csproj", "{25B4004D-2765-485C-A924-CF187A9ACA65}"
EndProject
Project("{2150E333-8FDC-42A3-9474-1A3956D46DE8}") = "RPC", "RPC", "{15C1C0F0-61BE-4A6F-8674-387CA86AC04B}"
EndProject
Project("{9A19103F-16F7-4668-BE54-9A1E7A4F7556}") = "gRPC.protocol.Standard20", "gRPC.protocol\gRPC.protocol.Standard20.csproj", "{8ADF197F-D533-487A-9021-9A9393DAF722}"
EndProject
Project("{9A19103F-16F7-4668-BE54-9A1E7A4F7556}") = "gRPC.VLServer.Core31", "gRPC.Server\gRPC.VLServer.Core31.csproj", "{524C9D24-204B-44AC-BBE5-6A72AE20CB54}"
EndProject
Project("{9A19103F-16F7-4668-BE54-9A1E7A4F7556}") = "gRPC.VLClient.Core31", "gRPC.Client\gRPC.VLClient.Core31.csproj", "{C69E23A2-DD04-4083-BB71-DF67DD2345ED}"
EndProject
Project("{2150E333-8FDC-42A3-9474-1A3956D46DE8}") = "Z.Learning", "Z.Learning", "{89D348DF-C4B5-46E1-B14F-C8C969A8E653}"
EndProject
Project("{2150E333-8FDC-42A3-9474-1A3956D46DE8}") = "Authentication", "Authentication", "{1EAAE7AD-7C3E-4D1F-A4D9-7E2182BCBFEB}"
EndProject
Project("{2150E333-8FDC-42A3-9474-1A3956D46DE8}") = "Cache", "Cache", "{455B7A1C-931C-479D-9B41-1D93D35F33BC}"
EndProject
Project("{9A19103F-16F7-4668-BE54-9A1E7A4F7556}") = "VL.RedisTest", "VL.RedisTest\VL.RedisTest.csproj", "{3D49336C-DE5E-4759-B5A3-E0398F01E410}"
EndProject
Project("{9A19103F-16F7-4668-BE54-9A1E7A4F7556}") = "VL.MyAuth", "VL.MyAuth\VL.MyAuth.csproj", "{E9875AD0-4F8B-4CA0-BC5C-6C6E35BD2FA4}"
EndProject
Project("{2150E333-8FDC-42A3-9474-1A3956D46DE8}") = "Logger", "Logger", "{570D7597-51CE-4DAB-BE55-AB7065D7A8C7}"
EndProject
Project("{FAE04EC0-301F-11D3-BF4B-00C04F79EFBC}") = "MyThrift", "Framework4\MyThrift.csproj", "{8BCF5BD3-0188-4635-A47E-C5B220684D0A}"
EndProject
Project("{FAE04EC0-301F-11D3-BF4B-00C04F79EFBC}") = "0.MyWebTest", "MyWebTest.gRPC\0.MyWebTest.csproj", "{46E37A23-D92B-49EE-9066-277D4C23D09D}"
	ProjectSection(ProjectDependencies) = postProject
		{55681817-40B8-4A47-B3C2-5C46B1B4A3D0} = {55681817-40B8-4A47-B3C2-5C46B1B4A3D0}
	EndProjectSection
EndProject
Project("{FAE04EC0-301F-11D3-BF4B-00C04F79EFBC}") = "gRPC.VLServer.Framework472", "gRPC.VLService.Framework\gRPC.VLServer.Framework472.csproj", "{76AB46C0-5B1B-498F-AD76-73567D9F8A18}"
EndProject
Project("{FAE04EC0-301F-11D3-BF4B-00C04F79EFBC}") = "gRPC.VLClient.Framework472", "gRPC.VLClient.Framework\gRPC.VLClient.Framework472.csproj", "{1A3A9D6B-E6F9-42AE-BF16-FE3890B67DD3}"
EndProject
Project("{FAE04EC0-301F-11D3-BF4B-00C04F79EFBC}") = "WebAPI.VLServer.Framework452", "WebAPI.VLServer.Framework452\WebAPI.VLServer.Framework452.csproj", "{0038D11F-EBEF-4AF7-AAA7-F8893A4062BC}"
EndProject
Project("{FAE04EC0-301F-11D3-BF4B-00C04F79EFBC}") = "WebAPI.VLServer.Framework4", "WebAPI.VLServer.Framework4\WebAPI.VLServer.Framework4.csproj", "{7FD8A54C-0687-48A7-B15E-8596CFEC2E65}"
EndProject
Project("{FAE04EC0-301F-11D3-BF4B-00C04F79EFBC}") = "WebService.VLServer.Framework4", "WebService.VLServer.Framework4\WebService.VLServer.Framework4.csproj", "{55681817-40B8-4A47-B3C2-5C46B1B4A3D0}"
EndProject
Project("{2150E333-8FDC-42A3-9474-1A3956D46DE8}") = "IFrame", "IFrame", "{ECA70DE5-A774-4B23-9FD3-1042F8C1A096}"
EndProject
Project("{FAE04EC0-301F-11D3-BF4B-00C04F79EFBC}") = "IFrameTest", "IFrameTest\IFrameTest.csproj", "{FEF66ABF-1F46-4962-BE04-9609FA61AC18}"
EndProject
Project("{FAE04EC0-301F-11D3-BF4B-00C04F79EFBC}") = "Multiple01.WebService.VLServer.Framework4", "Multiple01.WebService.VLServer.Framework4\Multiple01.WebService.VLServer.Framework4.csproj", "{56BF16A7-0FFF-45A0-8D38-6D5C628E4D45}"
	ProjectSection(ProjectDependencies) = postProject
		{72C844F7-905A-4FC8-8D68-89B0DF880F45} = {72C844F7-905A-4FC8-8D68-89B0DF880F45}
	EndProjectSection
EndProject
Project("{FAE04EC0-301F-11D3-BF4B-00C04F79EFBC}") = "Multiple02.WebService.VLServer.Framework4", "Multiple02.WebService.VLServer.Framework4\Multiple02.WebService.VLServer.Framework4.csproj", "{10786C3E-7F00-42FC-907B-E01FCAA54E6E}"
	ProjectSection(ProjectDependencies) = postProject
		{72C844F7-905A-4FC8-8D68-89B0DF880F45} = {72C844F7-905A-4FC8-8D68-89B0DF880F45}
	EndProjectSection
EndProject
Project("{FAE04EC0-301F-11D3-BF4B-00C04F79EFBC}") = "MultipleCommon.WebService.VLServer.Framework4", "MultipleCommon.WebService.VLServer.Framework4\MultipleCommon.WebService.VLServer.Framework4.csproj", "{72C844F7-905A-4FC8-8D68-89B0DF880F45}"
EndProject
Project("{9A19103F-16F7-4668-BE54-9A1E7A4F7556}") = "Sample_Log4Net", "Sample_Log4Net\Sample_Log4Net.csproj", "{B914BA2F-E3FD-4C3B-872B-23060E02E5DB}"
EndProject
Project("{2150E333-8FDC-42A3-9474-1A3956D46DE8}") = "Business_SOA", "Business_SOA", "{D77D66EA-9876-4AEF-8C26-F04574EFE867}"
EndProject
Project("{FAE04EC0-301F-11D3-BF4B-00C04F79EFBC}") = "Autobots.Common", "Autobots.Common\Autobots.Common.csproj", "{1B1961C5-D404-41CD-AB83-9CF54257182B}"
EndProject
Project("{FAE04EC0-301F-11D3-BF4B-00C04F79EFBC}") = "Autobots.CommonServices", "Autobots.CommonService\Autobots.CommonServices.csproj", "{E021CA42-FA4A-43C2-96C6-AEFD2086F8EE}"
EndProject
Project("{FAE04EC0-301F-11D3-BF4B-00C04F79EFBC}") = "Autobots.InpatientService", "Autobots.InpatientService\Autobots.InpatientService.csproj", "{8EDAC57D-C4DE-42FA-9817-227E12A1244A}"
EndProject
Project("{FAE04EC0-301F-11D3-BF4B-00C04F79EFBC}") = "Autobots.Tasks", "Autobots.Tasks\Autobots.Tasks.csproj", "{31869C5D-F7DE-4533-A558-A7C121A780CD}"
EndProject
Project("{9A19103F-16F7-4668-BE54-9A1E7A4F7556}") = "Core.Sample", "Core.Sample\Core.Sample.csproj", "{EFB83993-2862-43A2-A655-CC9DDA0F235C}"
EndProject
Project("{FAE04EC0-301F-11D3-BF4B-00C04F79EFBC}") = "Autobots.ConsulSample", "Autobots.ConsulSample\Autobots.ConsulSample.csproj", "{2D684042-392D-4092-9582-3C30A2AF540D}"
EndProject
Project("{9A19103F-16F7-4668-BE54-9A1E7A4F7556}") = "Autobots.ConsulSample.Core", "Autobots.ConsulSample.Core\Autobots.ConsulSample.Core.csproj", "{B2B9C141-FE2E-4925-8616-298838615BD6}"
EndProject
Project("{2150E333-8FDC-42A3-9474-1A3956D46DE8}") = "Business_Micro", "Business_Micro", "{B387092C-A320-496B-B123-3ABA43BFA6B1}"
EndProject
Project("{9A19103F-16F7-4668-BE54-9A1E7A4F7556}") = "Autobots.Infrastracture.Common", "Autobots.VLCommon\Autobots.Infrastracture.Common.csproj", "{3DB22DB1-BFD5-4DB6-B8F1-6DC15D8810F7}"
EndProject
Project("{9A19103F-16F7-4668-BE54-9A1E7A4F7556}") = "Autobots.Infrastracture.FileCenter", "Autobots.Infrastracture.File\Autobots.Infrastracture.FileCenter.csproj", "{7833E071-2CC9-40E2-92A8-ACFD1B2FA8B0}"
EndProject
Project("{9A19103F-16F7-4668-BE54-9A1E7A4F7556}") = "Autobots.Infrastracture.ConfigCenter", "Autobots.Infrastracture.Config\Autobots.Infrastracture.ConfigCenter.csproj", "{548E764D-6CC0-42F8-9FCB-80B54963A7FC}"
EndProject
Project("{9A19103F-16F7-4668-BE54-9A1E7A4F7556}") = "Autobots.Infrastracture.Gateway", "Autobots.Infrastracture.Gate\Autobots.Infrastracture.Gateway.csproj", "{4F4D8833-927D-45BC-AA01-6DCF1DCA853C}"
EndProject
Project("{9A19103F-16F7-4668-BE54-9A1E7A4F7556}") = "Autobots.B2Service", "Autobots.B2Service\Autobots.B2Service.csproj", "{06E8BB1A-B63B-428C-8954-8E3E2273955A}"
EndProject
Project("{9A19103F-16F7-4668-BE54-9A1E7A4F7556}") = "Autobots.ServiceProtocols", "Autobots.ServiceProtocols\Autobots.ServiceProtocols.csproj", "{7AF6B517-8137-424C-8508-9F0578307B2C}"
EndProject
Project("{9A19103F-16F7-4668-BE54-9A1E7A4F7556}") = "Tools", "Consul\Tools.csproj", "{92145C1E-A6E9-4545-B616-B2C5B3D83CDB}"
EndProject
Project("{9A19103F-16F7-4668-BE54-9A1E7A4F7556}") = "Autobots.B1Service", "Autobots.B1Service\Autobots.B1Service.csproj", "{18A8AA66-A92A-44A5-A303-2A65DCC2F3D5}"
EndProject
Project("{9A19103F-16F7-4668-BE54-9A1E7A4F7556}") = "Autobots.CommonService.DataLogCenter", "Autobots.CommonService.DataLogCenter\Autobots.CommonService.DataLogCenter.csproj", "{8DD7F62B-995B-4878-AA14-746616C2407C}"
EndProject
Project("{9A19103F-16F7-4668-BE54-9A1E7A4F7556}") = "Autobots.CommonService.SyncCenter", "Autobots.CommonService.SyncCenter\Autobots.CommonService.SyncCenter.csproj", "{B7D3EFBA-B8B7-43DF-94FA-970A7AFB385B}"
EndProject
Project("{9A19103F-16F7-4668-BE54-9A1E7A4F7556}") = "Autobots.CommonService.TaskCenter", "Autobots.CommonService.TaskCenter\Autobots.CommonService.TaskCenter.csproj", "{5C0D8989-D1C0-40C3-A1B3-5A1D96E92A26}"
EndProject
Project("{FAE04EC0-301F-11D3-BF4B-00C04F79EFBC}") = "Tester", "Tester\Tester.csproj", "{9F96B94E-35F4-407D-A858-6CCA55C79D04}"
EndProject
Project("{9A19103F-16F7-4668-BE54-9A1E7A4F7556}") = "Autobots.Infrastracture.LogCenter", "Autobots.Infrastracture.Log\Autobots.Infrastracture.LogCenter.csproj", "{FAF6F959-3C9F-4F2D-9C31-5C7E89D5D284}"
EndProject
Project("{9A19103F-16F7-4668-BE54-9A1E7A4F7556}") = "Research", "Research\Research.csproj", "{EEA4FFB6-7885-4B58-A60D-9CAB78D263EA}"
EndProject
Project("{9A19103F-16F7-4668-BE54-9A1E7A4F7556}") = "ResearchAPI", "ResearchAPI\ResearchAPI.csproj", "{83A7D8F2-ACAE-49E9-9BC1-D8A80F5B3327}"
EndProject
Project("{9A19103F-16F7-4668-BE54-9A1E7A4F7556}") = "ResearchAPI.Test", "ResearchAPI.Test\ResearchAPI.Test.csproj", "{0B098089-8EDC-4E83-8FF5-8751D8251C49}"
EndProject
Project("{FAE04EC0-301F-11D3-BF4B-00C04F79EFBC}") = "ResearchAPI.CORS", "VL.CORS\ResearchAPI.CORS.csproj", "{03B1DDC3-7A25-405C-9558-C943DC55A8BD}"
EndProject
Project("{FAE04EC0-301F-11D3-BF4B-00C04F79EFBC}") = "VL.CORSTest", "VL.CORSTest\VL.CORSTest.csproj", "{3F30EA63-800D-4E04-A068-839EDBEA0789}"
EndProject
Global
	GlobalSection(SolutionConfigurationPlatforms) = preSolution
		Debug|Any CPU = Debug|Any CPU
		Release|Any CPU = Release|Any CPU
	EndGlobalSection
	GlobalSection(ProjectConfigurationPlatforms) = postSolution
		{CD7709E9-2B10-4CE6-8186-DA805D8A5D1F}.Debug|Any CPU.ActiveCfg = Debug|Any CPU
		{CD7709E9-2B10-4CE6-8186-DA805D8A5D1F}.Debug|Any CPU.Build.0 = Debug|Any CPU
		{CD7709E9-2B10-4CE6-8186-DA805D8A5D1F}.Release|Any CPU.ActiveCfg = Release|Any CPU
		{CD7709E9-2B10-4CE6-8186-DA805D8A5D1F}.Release|Any CPU.Build.0 = Release|Any CPU
		{D6DE71A1-7D49-4DBF-913A-9CF205869CE8}.Debug|Any CPU.ActiveCfg = Debug|Any CPU
		{D6DE71A1-7D49-4DBF-913A-9CF205869CE8}.Debug|Any CPU.Build.0 = Debug|Any CPU
		{D6DE71A1-7D49-4DBF-913A-9CF205869CE8}.Release|Any CPU.ActiveCfg = Release|Any CPU
		{D6DE71A1-7D49-4DBF-913A-9CF205869CE8}.Release|Any CPU.Build.0 = Release|Any CPU
		{20109902-DF70-425B-AE62-B2E4FB6371B4}.Debug|Any CPU.ActiveCfg = Debug|Any CPU
		{20109902-DF70-425B-AE62-B2E4FB6371B4}.Debug|Any CPU.Build.0 = Debug|Any CPU
		{20109902-DF70-425B-AE62-B2E4FB6371B4}.Release|Any CPU.ActiveCfg = Release|Any CPU
		{20109902-DF70-425B-AE62-B2E4FB6371B4}.Release|Any CPU.Build.0 = Release|Any CPU
		{6C72068E-5115-4F5D-A457-2D434805E2EB}.Debug|Any CPU.ActiveCfg = Debug|Any CPU
		{6C72068E-5115-4F5D-A457-2D434805E2EB}.Debug|Any CPU.Build.0 = Debug|Any CPU
		{6C72068E-5115-4F5D-A457-2D434805E2EB}.Release|Any CPU.ActiveCfg = Release|Any CPU
		{6C72068E-5115-4F5D-A457-2D434805E2EB}.Release|Any CPU.Build.0 = Release|Any CPU
		{69EF77D1-9A70-4851-A1F1-77E9C8E1DEB1}.Debug|Any CPU.ActiveCfg = Debug|Any CPU
		{69EF77D1-9A70-4851-A1F1-77E9C8E1DEB1}.Debug|Any CPU.Build.0 = Debug|Any CPU
		{69EF77D1-9A70-4851-A1F1-77E9C8E1DEB1}.Release|Any CPU.ActiveCfg = Release|Any CPU
		{69EF77D1-9A70-4851-A1F1-77E9C8E1DEB1}.Release|Any CPU.Build.0 = Release|Any CPU
		{AB6FD505-B72F-4626-A45D-89DDF513A1AD}.Debug|Any CPU.ActiveCfg = Debug|Any CPU
		{AB6FD505-B72F-4626-A45D-89DDF513A1AD}.Debug|Any CPU.Build.0 = Debug|Any CPU
		{AB6FD505-B72F-4626-A45D-89DDF513A1AD}.Release|Any CPU.ActiveCfg = Release|Any CPU
		{AB6FD505-B72F-4626-A45D-89DDF513A1AD}.Release|Any CPU.Build.0 = Release|Any CPU
		{0E73551E-4CB0-4B1E-BD5C-0A60E4704545}.Debug|Any CPU.ActiveCfg = Debug|Any CPU
		{0E73551E-4CB0-4B1E-BD5C-0A60E4704545}.Debug|Any CPU.Build.0 = Debug|Any CPU
		{0E73551E-4CB0-4B1E-BD5C-0A60E4704545}.Release|Any CPU.ActiveCfg = Release|Any CPU
		{0E73551E-4CB0-4B1E-BD5C-0A60E4704545}.Release|Any CPU.Build.0 = Release|Any CPU
		{4773F251-1808-47BD-AC7C-C0CD96106689}.Debug|Any CPU.ActiveCfg = Debug|Any CPU
		{4773F251-1808-47BD-AC7C-C0CD96106689}.Debug|Any CPU.Build.0 = Debug|Any CPU
		{4773F251-1808-47BD-AC7C-C0CD96106689}.Release|Any CPU.ActiveCfg = Release|Any CPU
		{4773F251-1808-47BD-AC7C-C0CD96106689}.Release|Any CPU.Build.0 = Release|Any CPU
		{820048BF-9A93-49F7-80CD-89E779278D2E}.Debug|Any CPU.ActiveCfg = Debug|Any CPU
		{820048BF-9A93-49F7-80CD-89E779278D2E}.Debug|Any CPU.Build.0 = Debug|Any CPU
		{820048BF-9A93-49F7-80CD-89E779278D2E}.Release|Any CPU.ActiveCfg = Release|Any CPU
		{820048BF-9A93-49F7-80CD-89E779278D2E}.Release|Any CPU.Build.0 = Release|Any CPU
		{975342C6-A3C5-4AC6-AACE-109F01C5AA93}.Debug|Any CPU.ActiveCfg = Debug|Any CPU
		{975342C6-A3C5-4AC6-AACE-109F01C5AA93}.Debug|Any CPU.Build.0 = Debug|Any CPU
		{975342C6-A3C5-4AC6-AACE-109F01C5AA93}.Release|Any CPU.ActiveCfg = Release|Any CPU
		{975342C6-A3C5-4AC6-AACE-109F01C5AA93}.Release|Any CPU.Build.0 = Release|Any CPU
		{7767A9D0-1BB6-4751-B1C2-63A785A856F5}.Debug|Any CPU.ActiveCfg = Debug|Any CPU
		{7767A9D0-1BB6-4751-B1C2-63A785A856F5}.Debug|Any CPU.Build.0 = Debug|Any CPU
		{7767A9D0-1BB6-4751-B1C2-63A785A856F5}.Release|Any CPU.ActiveCfg = Release|Any CPU
		{7767A9D0-1BB6-4751-B1C2-63A785A856F5}.Release|Any CPU.Build.0 = Release|Any CPU
		{B272E273-8570-46A0-8A45-DB926E0F6866}.Debug|Any CPU.ActiveCfg = Debug|Any CPU
		{B272E273-8570-46A0-8A45-DB926E0F6866}.Debug|Any CPU.Build.0 = Debug|Any CPU
		{B272E273-8570-46A0-8A45-DB926E0F6866}.Release|Any CPU.ActiveCfg = Release|Any CPU
		{B272E273-8570-46A0-8A45-DB926E0F6866}.Release|Any CPU.Build.0 = Release|Any CPU
		{F5F5A093-5332-4BC1-8FF5-938CA4C316E2}.Debug|Any CPU.ActiveCfg = Debug|Any CPU
		{F5F5A093-5332-4BC1-8FF5-938CA4C316E2}.Debug|Any CPU.Build.0 = Debug|Any CPU
		{F5F5A093-5332-4BC1-8FF5-938CA4C316E2}.Release|Any CPU.ActiveCfg = Release|Any CPU
		{F5F5A093-5332-4BC1-8FF5-938CA4C316E2}.Release|Any CPU.Build.0 = Release|Any CPU
		{0094FE53-9AAC-4AA6-974C-53CF0EE32B41}.Debug|Any CPU.ActiveCfg = Debug|Any CPU
		{0094FE53-9AAC-4AA6-974C-53CF0EE32B41}.Debug|Any CPU.Build.0 = Debug|Any CPU
		{0094FE53-9AAC-4AA6-974C-53CF0EE32B41}.Release|Any CPU.ActiveCfg = Release|Any CPU
		{0094FE53-9AAC-4AA6-974C-53CF0EE32B41}.Release|Any CPU.Build.0 = Release|Any CPU
		{5FB5ABA3-D26E-4170-8690-3B2FEACEFEB2}.Debug|Any CPU.ActiveCfg = Debug|Any CPU
		{5FB5ABA3-D26E-4170-8690-3B2FEACEFEB2}.Debug|Any CPU.Build.0 = Debug|Any CPU
		{5FB5ABA3-D26E-4170-8690-3B2FEACEFEB2}.Release|Any CPU.ActiveCfg = Release|Any CPU
		{5FB5ABA3-D26E-4170-8690-3B2FEACEFEB2}.Release|Any CPU.Build.0 = Release|Any CPU
		{3532330A-D778-4C42-AF70-7B27FD77DD65}.Debug|Any CPU.ActiveCfg = Debug|Any CPU
		{3532330A-D778-4C42-AF70-7B27FD77DD65}.Debug|Any CPU.Build.0 = Debug|Any CPU
		{3532330A-D778-4C42-AF70-7B27FD77DD65}.Release|Any CPU.ActiveCfg = Release|Any CPU
		{3532330A-D778-4C42-AF70-7B27FD77DD65}.Release|Any CPU.Build.0 = Release|Any CPU
		{25B4004D-2765-485C-A924-CF187A9ACA65}.Debug|Any CPU.ActiveCfg = Debug|Any CPU
		{25B4004D-2765-485C-A924-CF187A9ACA65}.Debug|Any CPU.Build.0 = Debug|Any CPU
		{25B4004D-2765-485C-A924-CF187A9ACA65}.Release|Any CPU.ActiveCfg = Release|Any CPU
		{25B4004D-2765-485C-A924-CF187A9ACA65}.Release|Any CPU.Build.0 = Release|Any CPU
		{8ADF197F-D533-487A-9021-9A9393DAF722}.Debug|Any CPU.ActiveCfg = Debug|Any CPU
		{8ADF197F-D533-487A-9021-9A9393DAF722}.Debug|Any CPU.Build.0 = Debug|Any CPU
		{8ADF197F-D533-487A-9021-9A9393DAF722}.Release|Any CPU.ActiveCfg = Release|Any CPU
		{8ADF197F-D533-487A-9021-9A9393DAF722}.Release|Any CPU.Build.0 = Release|Any CPU
		{524C9D24-204B-44AC-BBE5-6A72AE20CB54}.Debug|Any CPU.ActiveCfg = Debug|Any CPU
		{524C9D24-204B-44AC-BBE5-6A72AE20CB54}.Debug|Any CPU.Build.0 = Debug|Any CPU
		{524C9D24-204B-44AC-BBE5-6A72AE20CB54}.Release|Any CPU.ActiveCfg = Release|Any CPU
		{524C9D24-204B-44AC-BBE5-6A72AE20CB54}.Release|Any CPU.Build.0 = Release|Any CPU
		{C69E23A2-DD04-4083-BB71-DF67DD2345ED}.Debug|Any CPU.ActiveCfg = Debug|Any CPU
		{C69E23A2-DD04-4083-BB71-DF67DD2345ED}.Debug|Any CPU.Build.0 = Debug|Any CPU
		{C69E23A2-DD04-4083-BB71-DF67DD2345ED}.Release|Any CPU.ActiveCfg = Release|Any CPU
		{C69E23A2-DD04-4083-BB71-DF67DD2345ED}.Release|Any CPU.Build.0 = Release|Any CPU
		{3D49336C-DE5E-4759-B5A3-E0398F01E410}.Debug|Any CPU.ActiveCfg = Debug|Any CPU
		{3D49336C-DE5E-4759-B5A3-E0398F01E410}.Debug|Any CPU.Build.0 = Debug|Any CPU
		{3D49336C-DE5E-4759-B5A3-E0398F01E410}.Release|Any CPU.ActiveCfg = Release|Any CPU
		{3D49336C-DE5E-4759-B5A3-E0398F01E410}.Release|Any CPU.Build.0 = Release|Any CPU
		{E9875AD0-4F8B-4CA0-BC5C-6C6E35BD2FA4}.Debug|Any CPU.ActiveCfg = Debug|Any CPU
		{E9875AD0-4F8B-4CA0-BC5C-6C6E35BD2FA4}.Debug|Any CPU.Build.0 = Debug|Any CPU
		{E9875AD0-4F8B-4CA0-BC5C-6C6E35BD2FA4}.Release|Any CPU.ActiveCfg = Release|Any CPU
		{E9875AD0-4F8B-4CA0-BC5C-6C6E35BD2FA4}.Release|Any CPU.Build.0 = Release|Any CPU
		{8BCF5BD3-0188-4635-A47E-C5B220684D0A}.Debug|Any CPU.ActiveCfg = Debug|Any CPU
		{8BCF5BD3-0188-4635-A47E-C5B220684D0A}.Debug|Any CPU.Build.0 = Debug|Any CPU
		{8BCF5BD3-0188-4635-A47E-C5B220684D0A}.Release|Any CPU.ActiveCfg = Release|Any CPU
		{8BCF5BD3-0188-4635-A47E-C5B220684D0A}.Release|Any CPU.Build.0 = Release|Any CPU
		{46E37A23-D92B-49EE-9066-277D4C23D09D}.Debug|Any CPU.ActiveCfg = Debug|Any CPU
		{46E37A23-D92B-49EE-9066-277D4C23D09D}.Debug|Any CPU.Build.0 = Debug|Any CPU
		{46E37A23-D92B-49EE-9066-277D4C23D09D}.Release|Any CPU.ActiveCfg = Release|Any CPU
		{46E37A23-D92B-49EE-9066-277D4C23D09D}.Release|Any CPU.Build.0 = Release|Any CPU
		{76AB46C0-5B1B-498F-AD76-73567D9F8A18}.Debug|Any CPU.ActiveCfg = Debug|Any CPU
		{76AB46C0-5B1B-498F-AD76-73567D9F8A18}.Debug|Any CPU.Build.0 = Debug|Any CPU
		{76AB46C0-5B1B-498F-AD76-73567D9F8A18}.Release|Any CPU.ActiveCfg = Release|Any CPU
		{76AB46C0-5B1B-498F-AD76-73567D9F8A18}.Release|Any CPU.Build.0 = Release|Any CPU
		{1A3A9D6B-E6F9-42AE-BF16-FE3890B67DD3}.Debug|Any CPU.ActiveCfg = Debug|Any CPU
		{1A3A9D6B-E6F9-42AE-BF16-FE3890B67DD3}.Debug|Any CPU.Build.0 = Debug|Any CPU
		{1A3A9D6B-E6F9-42AE-BF16-FE3890B67DD3}.Release|Any CPU.ActiveCfg = Release|Any CPU
		{1A3A9D6B-E6F9-42AE-BF16-FE3890B67DD3}.Release|Any CPU.Build.0 = Release|Any CPU
		{0038D11F-EBEF-4AF7-AAA7-F8893A4062BC}.Debug|Any CPU.ActiveCfg = Debug|Any CPU
		{0038D11F-EBEF-4AF7-AAA7-F8893A4062BC}.Debug|Any CPU.Build.0 = Debug|Any CPU
		{0038D11F-EBEF-4AF7-AAA7-F8893A4062BC}.Release|Any CPU.ActiveCfg = Release|Any CPU
		{0038D11F-EBEF-4AF7-AAA7-F8893A4062BC}.Release|Any CPU.Build.0 = Release|Any CPU
		{7FD8A54C-0687-48A7-B15E-8596CFEC2E65}.Debug|Any CPU.ActiveCfg = Debug|Any CPU
		{7FD8A54C-0687-48A7-B15E-8596CFEC2E65}.Debug|Any CPU.Build.0 = Debug|Any CPU
		{7FD8A54C-0687-48A7-B15E-8596CFEC2E65}.Release|Any CPU.ActiveCfg = Release|Any CPU
		{7FD8A54C-0687-48A7-B15E-8596CFEC2E65}.Release|Any CPU.Build.0 = Release|Any CPU
		{55681817-40B8-4A47-B3C2-5C46B1B4A3D0}.Debug|Any CPU.ActiveCfg = Debug|Any CPU
		{55681817-40B8-4A47-B3C2-5C46B1B4A3D0}.Debug|Any CPU.Build.0 = Debug|Any CPU
		{55681817-40B8-4A47-B3C2-5C46B1B4A3D0}.Release|Any CPU.ActiveCfg = Release|Any CPU
		{55681817-40B8-4A47-B3C2-5C46B1B4A3D0}.Release|Any CPU.Build.0 = Release|Any CPU
		{FEF66ABF-1F46-4962-BE04-9609FA61AC18}.Debug|Any CPU.ActiveCfg = Debug|Any CPU
		{FEF66ABF-1F46-4962-BE04-9609FA61AC18}.Debug|Any CPU.Build.0 = Debug|Any CPU
		{FEF66ABF-1F46-4962-BE04-9609FA61AC18}.Release|Any CPU.ActiveCfg = Release|Any CPU
		{FEF66ABF-1F46-4962-BE04-9609FA61AC18}.Release|Any CPU.Build.0 = Release|Any CPU
		{56BF16A7-0FFF-45A0-8D38-6D5C628E4D45}.Debug|Any CPU.ActiveCfg = Debug|Any CPU
		{56BF16A7-0FFF-45A0-8D38-6D5C628E4D45}.Debug|Any CPU.Build.0 = Debug|Any CPU
		{56BF16A7-0FFF-45A0-8D38-6D5C628E4D45}.Release|Any CPU.ActiveCfg = Release|Any CPU
		{56BF16A7-0FFF-45A0-8D38-6D5C628E4D45}.Release|Any CPU.Build.0 = Release|Any CPU
		{10786C3E-7F00-42FC-907B-E01FCAA54E6E}.Debug|Any CPU.ActiveCfg = Debug|Any CPU
		{10786C3E-7F00-42FC-907B-E01FCAA54E6E}.Debug|Any CPU.Build.0 = Debug|Any CPU
		{10786C3E-7F00-42FC-907B-E01FCAA54E6E}.Release|Any CPU.ActiveCfg = Release|Any CPU
		{10786C3E-7F00-42FC-907B-E01FCAA54E6E}.Release|Any CPU.Build.0 = Release|Any CPU
		{72C844F7-905A-4FC8-8D68-89B0DF880F45}.Debug|Any CPU.ActiveCfg = Debug|Any CPU
		{72C844F7-905A-4FC8-8D68-89B0DF880F45}.Debug|Any CPU.Build.0 = Debug|Any CPU
		{72C844F7-905A-4FC8-8D68-89B0DF880F45}.Release|Any CPU.ActiveCfg = Release|Any CPU
		{72C844F7-905A-4FC8-8D68-89B0DF880F45}.Release|Any CPU.Build.0 = Release|Any CPU
		{B914BA2F-E3FD-4C3B-872B-23060E02E5DB}.Debug|Any CPU.ActiveCfg = Debug|Any CPU
		{B914BA2F-E3FD-4C3B-872B-23060E02E5DB}.Debug|Any CPU.Build.0 = Debug|Any CPU
		{B914BA2F-E3FD-4C3B-872B-23060E02E5DB}.Release|Any CPU.ActiveCfg = Release|Any CPU
		{B914BA2F-E3FD-4C3B-872B-23060E02E5DB}.Release|Any CPU.Build.0 = Release|Any CPU
		{1B1961C5-D404-41CD-AB83-9CF54257182B}.Debug|Any CPU.ActiveCfg = Debug|Any CPU
		{1B1961C5-D404-41CD-AB83-9CF54257182B}.Debug|Any CPU.Build.0 = Debug|Any CPU
		{1B1961C5-D404-41CD-AB83-9CF54257182B}.Release|Any CPU.ActiveCfg = Release|Any CPU
		{1B1961C5-D404-41CD-AB83-9CF54257182B}.Release|Any CPU.Build.0 = Release|Any CPU
		{E021CA42-FA4A-43C2-96C6-AEFD2086F8EE}.Debug|Any CPU.ActiveCfg = Debug|Any CPU
		{E021CA42-FA4A-43C2-96C6-AEFD2086F8EE}.Debug|Any CPU.Build.0 = Debug|Any CPU
		{E021CA42-FA4A-43C2-96C6-AEFD2086F8EE}.Release|Any CPU.ActiveCfg = Release|Any CPU
		{E021CA42-FA4A-43C2-96C6-AEFD2086F8EE}.Release|Any CPU.Build.0 = Release|Any CPU
		{8EDAC57D-C4DE-42FA-9817-227E12A1244A}.Debug|Any CPU.ActiveCfg = Debug|Any CPU
		{8EDAC57D-C4DE-42FA-9817-227E12A1244A}.Debug|Any CPU.Build.0 = Debug|Any CPU
		{8EDAC57D-C4DE-42FA-9817-227E12A1244A}.Release|Any CPU.ActiveCfg = Release|Any CPU
		{8EDAC57D-C4DE-42FA-9817-227E12A1244A}.Release|Any CPU.Build.0 = Release|Any CPU
		{31869C5D-F7DE-4533-A558-A7C121A780CD}.Debug|Any CPU.ActiveCfg = Debug|Any CPU
		{31869C5D-F7DE-4533-A558-A7C121A780CD}.Debug|Any CPU.Build.0 = Debug|Any CPU
		{31869C5D-F7DE-4533-A558-A7C121A780CD}.Release|Any CPU.ActiveCfg = Release|Any CPU
		{31869C5D-F7DE-4533-A558-A7C121A780CD}.Release|Any CPU.Build.0 = Release|Any CPU
		{EFB83993-2862-43A2-A655-CC9DDA0F235C}.Debug|Any CPU.ActiveCfg = Debug|Any CPU
		{EFB83993-2862-43A2-A655-CC9DDA0F235C}.Debug|Any CPU.Build.0 = Debug|Any CPU
		{EFB83993-2862-43A2-A655-CC9DDA0F235C}.Release|Any CPU.ActiveCfg = Release|Any CPU
		{EFB83993-2862-43A2-A655-CC9DDA0F235C}.Release|Any CPU.Build.0 = Release|Any CPU
		{2D684042-392D-4092-9582-3C30A2AF540D}.Debug|Any CPU.ActiveCfg = Debug|Any CPU
		{2D684042-392D-4092-9582-3C30A2AF540D}.Debug|Any CPU.Build.0 = Debug|Any CPU
		{2D684042-392D-4092-9582-3C30A2AF540D}.Release|Any CPU.ActiveCfg = Release|Any CPU
		{2D684042-392D-4092-9582-3C30A2AF540D}.Release|Any CPU.Build.0 = Release|Any CPU
		{B2B9C141-FE2E-4925-8616-298838615BD6}.Debug|Any CPU.ActiveCfg = Debug|Any CPU
		{B2B9C141-FE2E-4925-8616-298838615BD6}.Debug|Any CPU.Build.0 = Debug|Any CPU
		{B2B9C141-FE2E-4925-8616-298838615BD6}.Release|Any CPU.ActiveCfg = Release|Any CPU
		{B2B9C141-FE2E-4925-8616-298838615BD6}.Release|Any CPU.Build.0 = Release|Any CPU
		{3DB22DB1-BFD5-4DB6-B8F1-6DC15D8810F7}.Debug|Any CPU.ActiveCfg = Debug|Any CPU
		{3DB22DB1-BFD5-4DB6-B8F1-6DC15D8810F7}.Debug|Any CPU.Build.0 = Debug|Any CPU
		{3DB22DB1-BFD5-4DB6-B8F1-6DC15D8810F7}.Release|Any CPU.ActiveCfg = Release|Any CPU
		{3DB22DB1-BFD5-4DB6-B8F1-6DC15D8810F7}.Release|Any CPU.Build.0 = Release|Any CPU
		{7833E071-2CC9-40E2-92A8-ACFD1B2FA8B0}.Debug|Any CPU.ActiveCfg = Debug|Any CPU
		{7833E071-2CC9-40E2-92A8-ACFD1B2FA8B0}.Debug|Any CPU.Build.0 = Debug|Any CPU
		{7833E071-2CC9-40E2-92A8-ACFD1B2FA8B0}.Release|Any CPU.ActiveCfg = Release|Any CPU
		{7833E071-2CC9-40E2-92A8-ACFD1B2FA8B0}.Release|Any CPU.Build.0 = Release|Any CPU
		{548E764D-6CC0-42F8-9FCB-80B54963A7FC}.Debug|Any CPU.ActiveCfg = Debug|Any CPU
		{548E764D-6CC0-42F8-9FCB-80B54963A7FC}.Debug|Any CPU.Build.0 = Debug|Any CPU
		{548E764D-6CC0-42F8-9FCB-80B54963A7FC}.Release|Any CPU.ActiveCfg = Release|Any CPU
		{548E764D-6CC0-42F8-9FCB-80B54963A7FC}.Release|Any CPU.Build.0 = Release|Any CPU
		{4F4D8833-927D-45BC-AA01-6DCF1DCA853C}.Debug|Any CPU.ActiveCfg = Debug|Any CPU
		{4F4D8833-927D-45BC-AA01-6DCF1DCA853C}.Debug|Any CPU.Build.0 = Debug|Any CPU
		{4F4D8833-927D-45BC-AA01-6DCF1DCA853C}.Release|Any CPU.ActiveCfg = Release|Any CPU
		{4F4D8833-927D-45BC-AA01-6DCF1DCA853C}.Release|Any CPU.Build.0 = Release|Any CPU
		{06E8BB1A-B63B-428C-8954-8E3E2273955A}.Debug|Any CPU.ActiveCfg = Debug|Any CPU
		{06E8BB1A-B63B-428C-8954-8E3E2273955A}.Debug|Any CPU.Build.0 = Debug|Any CPU
		{06E8BB1A-B63B-428C-8954-8E3E2273955A}.Release|Any CPU.ActiveCfg = Release|Any CPU
		{06E8BB1A-B63B-428C-8954-8E3E2273955A}.Release|Any CPU.Build.0 = Release|Any CPU
		{7AF6B517-8137-424C-8508-9F0578307B2C}.Debug|Any CPU.ActiveCfg = Debug|Any CPU
		{7AF6B517-8137-424C-8508-9F0578307B2C}.Debug|Any CPU.Build.0 = Debug|Any CPU
		{7AF6B517-8137-424C-8508-9F0578307B2C}.Release|Any CPU.ActiveCfg = Release|Any CPU
		{7AF6B517-8137-424C-8508-9F0578307B2C}.Release|Any CPU.Build.0 = Release|Any CPU
		{92145C1E-A6E9-4545-B616-B2C5B3D83CDB}.Debug|Any CPU.ActiveCfg = Debug|Any CPU
		{92145C1E-A6E9-4545-B616-B2C5B3D83CDB}.Debug|Any CPU.Build.0 = Debug|Any CPU
		{92145C1E-A6E9-4545-B616-B2C5B3D83CDB}.Release|Any CPU.ActiveCfg = Release|Any CPU
		{92145C1E-A6E9-4545-B616-B2C5B3D83CDB}.Release|Any CPU.Build.0 = Release|Any CPU
		{18A8AA66-A92A-44A5-A303-2A65DCC2F3D5}.Debug|Any CPU.ActiveCfg = Debug|Any CPU
		{18A8AA66-A92A-44A5-A303-2A65DCC2F3D5}.Debug|Any CPU.Build.0 = Debug|Any CPU
		{18A8AA66-A92A-44A5-A303-2A65DCC2F3D5}.Release|Any CPU.ActiveCfg = Release|Any CPU
		{18A8AA66-A92A-44A5-A303-2A65DCC2F3D5}.Release|Any CPU.Build.0 = Release|Any CPU
		{8DD7F62B-995B-4878-AA14-746616C2407C}.Debug|Any CPU.ActiveCfg = Debug|Any CPU
		{8DD7F62B-995B-4878-AA14-746616C2407C}.Debug|Any CPU.Build.0 = Debug|Any CPU
		{8DD7F62B-995B-4878-AA14-746616C2407C}.Release|Any CPU.ActiveCfg = Release|Any CPU
		{8DD7F62B-995B-4878-AA14-746616C2407C}.Release|Any CPU.Build.0 = Release|Any CPU
		{B7D3EFBA-B8B7-43DF-94FA-970A7AFB385B}.Debug|Any CPU.ActiveCfg = Debug|Any CPU
		{B7D3EFBA-B8B7-43DF-94FA-970A7AFB385B}.Debug|Any CPU.Build.0 = Debug|Any CPU
		{B7D3EFBA-B8B7-43DF-94FA-970A7AFB385B}.Release|Any CPU.ActiveCfg = Release|Any CPU
		{B7D3EFBA-B8B7-43DF-94FA-970A7AFB385B}.Release|Any CPU.Build.0 = Release|Any CPU
		{5C0D8989-D1C0-40C3-A1B3-5A1D96E92A26}.Debug|Any CPU.ActiveCfg = Debug|Any CPU
		{5C0D8989-D1C0-40C3-A1B3-5A1D96E92A26}.Debug|Any CPU.Build.0 = Debug|Any CPU
		{5C0D8989-D1C0-40C3-A1B3-5A1D96E92A26}.Release|Any CPU.ActiveCfg = Release|Any CPU
		{5C0D8989-D1C0-40C3-A1B3-5A1D96E92A26}.Release|Any CPU.Build.0 = Release|Any CPU
		{9F96B94E-35F4-407D-A858-6CCA55C79D04}.Debug|Any CPU.ActiveCfg = Debug|Any CPU
		{9F96B94E-35F4-407D-A858-6CCA55C79D04}.Debug|Any CPU.Build.0 = Debug|Any CPU
		{9F96B94E-35F4-407D-A858-6CCA55C79D04}.Release|Any CPU.ActiveCfg = Release|Any CPU
		{9F96B94E-35F4-407D-A858-6CCA55C79D04}.Release|Any CPU.Build.0 = Release|Any CPU
		{FAF6F959-3C9F-4F2D-9C31-5C7E89D5D284}.Debug|Any CPU.ActiveCfg = Debug|Any CPU
		{FAF6F959-3C9F-4F2D-9C31-5C7E89D5D284}.Debug|Any CPU.Build.0 = Debug|Any CPU
		{FAF6F959-3C9F-4F2D-9C31-5C7E89D5D284}.Release|Any CPU.ActiveCfg = Release|Any CPU
		{FAF6F959-3C9F-4F2D-9C31-5C7E89D5D284}.Release|Any CPU.Build.0 = Release|Any CPU
		{EEA4FFB6-7885-4B58-A60D-9CAB78D263EA}.Debug|Any CPU.ActiveCfg = Debug|Any CPU
		{EEA4FFB6-7885-4B58-A60D-9CAB78D263EA}.Debug|Any CPU.Build.0 = Debug|Any CPU
		{EEA4FFB6-7885-4B58-A60D-9CAB78D263EA}.Release|Any CPU.ActiveCfg = Release|Any CPU
		{EEA4FFB6-7885-4B58-A60D-9CAB78D263EA}.Release|Any CPU.Build.0 = Release|Any CPU
		{83A7D8F2-ACAE-49E9-9BC1-D8A80F5B3327}.Debug|Any CPU.ActiveCfg = Debug|Any CPU
		{83A7D8F2-ACAE-49E9-9BC1-D8A80F5B3327}.Debug|Any CPU.Build.0 = Debug|Any CPU
		{83A7D8F2-ACAE-49E9-9BC1-D8A80F5B3327}.Release|Any CPU.ActiveCfg = Release|Any CPU
		{83A7D8F2-ACAE-49E9-9BC1-D8A80F5B3327}.Release|Any CPU.Build.0 = Release|Any CPU
		{0B098089-8EDC-4E83-8FF5-8751D8251C49}.Debug|Any CPU.ActiveCfg = Debug|Any CPU
		{0B098089-8EDC-4E83-8FF5-8751D8251C49}.Debug|Any CPU.Build.0 = Debug|Any CPU
		{0B098089-8EDC-4E83-8FF5-8751D8251C49}.Release|Any CPU.ActiveCfg = Release|Any CPU
		{0B098089-8EDC-4E83-8FF5-8751D8251C49}.Release|Any CPU.Build.0 = Release|Any CPU
		{03B1DDC3-7A25-405C-9558-C943DC55A8BD}.Debug|Any CPU.ActiveCfg = Debug|Any CPU
		{03B1DDC3-7A25-405C-9558-C943DC55A8BD}.Debug|Any CPU.Build.0 = Debug|Any CPU
		{03B1DDC3-7A25-405C-9558-C943DC55A8BD}.Release|Any CPU.ActiveCfg = Release|Any CPU
		{03B1DDC3-7A25-405C-9558-C943DC55A8BD}.Release|Any CPU.Build.0 = Release|Any CPU
		{3F30EA63-800D-4E04-A068-839EDBEA0789}.Debug|Any CPU.ActiveCfg = Debug|Any CPU
		{3F30EA63-800D-4E04-A068-839EDBEA0789}.Debug|Any CPU.Build.0 = Debug|Any CPU
		{3F30EA63-800D-4E04-A068-839EDBEA0789}.Release|Any CPU.ActiveCfg = Release|Any CPU
		{3F30EA63-800D-4E04-A068-839EDBEA0789}.Release|Any CPU.Build.0 = Release|Any CPU
	EndGlobalSection
	GlobalSection(SolutionProperties) = preSolution
		HideSolutionNode = FALSE
	EndGlobalSection
	GlobalSection(NestedProjects) = preSolution
		{CD7709E9-2B10-4CE6-8186-DA805D8A5D1F} = {45085A16-EC66-42D3-BE91-964E3BBCD42F}
		{D6DE71A1-7D49-4DBF-913A-9CF205869CE8} = {0355904F-ECB9-4A31-994D-08B2711B62A2}
		{20109902-DF70-425B-AE62-B2E4FB6371B4} = {0355904F-ECB9-4A31-994D-08B2711B62A2}
		{6C72068E-5115-4F5D-A457-2D434805E2EB} = {0355904F-ECB9-4A31-994D-08B2711B62A2}
		{69EF77D1-9A70-4851-A1F1-77E9C8E1DEB1} = {50A139EF-55FE-4799-8334-AC3B5E2A255A}
		{AB6FD505-B72F-4626-A45D-89DDF513A1AD} = {0355904F-ECB9-4A31-994D-08B2711B62A2}
		{0E73551E-4CB0-4B1E-BD5C-0A60E4704545} = {0355904F-ECB9-4A31-994D-08B2711B62A2}
		{4773F251-1808-47BD-AC7C-C0CD96106689} = {15C1C0F0-61BE-4A6F-8674-387CA86AC04B}
		{820048BF-9A93-49F7-80CD-89E779278D2E} = {0355904F-ECB9-4A31-994D-08B2711B62A2}
		{975342C6-A3C5-4AC6-AACE-109F01C5AA93} = {45085A16-EC66-42D3-BE91-964E3BBCD42F}
		{7767A9D0-1BB6-4751-B1C2-63A785A856F5} = {45085A16-EC66-42D3-BE91-964E3BBCD42F}
		{B272E273-8570-46A0-8A45-DB926E0F6866} = {50A139EF-55FE-4799-8334-AC3B5E2A255A}
		{F5F5A093-5332-4BC1-8FF5-938CA4C316E2} = {50A139EF-55FE-4799-8334-AC3B5E2A255A}
		{0094FE53-9AAC-4AA6-974C-53CF0EE32B41} = {45085A16-EC66-42D3-BE91-964E3BBCD42F}
		{5FB5ABA3-D26E-4170-8690-3B2FEACEFEB2} = {45085A16-EC66-42D3-BE91-964E3BBCD42F}
		{3532330A-D778-4C42-AF70-7B27FD77DD65} = {6148F30A-8C0B-492B-884F-4E3E0C88B458}
		{25B4004D-2765-485C-A924-CF187A9ACA65} = {0355904F-ECB9-4A31-994D-08B2711B62A2}
		{15C1C0F0-61BE-4A6F-8674-387CA86AC04B} = {89D348DF-C4B5-46E1-B14F-C8C969A8E653}
		{8ADF197F-D533-487A-9021-9A9393DAF722} = {15C1C0F0-61BE-4A6F-8674-387CA86AC04B}
		{524C9D24-204B-44AC-BBE5-6A72AE20CB54} = {15C1C0F0-61BE-4A6F-8674-387CA86AC04B}
		{C69E23A2-DD04-4083-BB71-DF67DD2345ED} = {15C1C0F0-61BE-4A6F-8674-387CA86AC04B}
		{1EAAE7AD-7C3E-4D1F-A4D9-7E2182BCBFEB} = {89D348DF-C4B5-46E1-B14F-C8C969A8E653}
		{455B7A1C-931C-479D-9B41-1D93D35F33BC} = {89D348DF-C4B5-46E1-B14F-C8C969A8E653}
		{3D49336C-DE5E-4759-B5A3-E0398F01E410} = {455B7A1C-931C-479D-9B41-1D93D35F33BC}
		{E9875AD0-4F8B-4CA0-BC5C-6C6E35BD2FA4} = {1EAAE7AD-7C3E-4D1F-A4D9-7E2182BCBFEB}
		{570D7597-51CE-4DAB-BE55-AB7065D7A8C7} = {89D348DF-C4B5-46E1-B14F-C8C969A8E653}
		{8BCF5BD3-0188-4635-A47E-C5B220684D0A} = {15C1C0F0-61BE-4A6F-8674-387CA86AC04B}
		{46E37A23-D92B-49EE-9066-277D4C23D09D} = {15C1C0F0-61BE-4A6F-8674-387CA86AC04B}
		{76AB46C0-5B1B-498F-AD76-73567D9F8A18} = {15C1C0F0-61BE-4A6F-8674-387CA86AC04B}
		{1A3A9D6B-E6F9-42AE-BF16-FE3890B67DD3} = {15C1C0F0-61BE-4A6F-8674-387CA86AC04B}
		{0038D11F-EBEF-4AF7-AAA7-F8893A4062BC} = {15C1C0F0-61BE-4A6F-8674-387CA86AC04B}
		{7FD8A54C-0687-48A7-B15E-8596CFEC2E65} = {15C1C0F0-61BE-4A6F-8674-387CA86AC04B}
		{55681817-40B8-4A47-B3C2-5C46B1B4A3D0} = {15C1C0F0-61BE-4A6F-8674-387CA86AC04B}
		{ECA70DE5-A774-4B23-9FD3-1042F8C1A096} = {89D348DF-C4B5-46E1-B14F-C8C969A8E653}
		{FEF66ABF-1F46-4962-BE04-9609FA61AC18} = {ECA70DE5-A774-4B23-9FD3-1042F8C1A096}
		{56BF16A7-0FFF-45A0-8D38-6D5C628E4D45} = {15C1C0F0-61BE-4A6F-8674-387CA86AC04B}
		{10786C3E-7F00-42FC-907B-E01FCAA54E6E} = {15C1C0F0-61BE-4A6F-8674-387CA86AC04B}
		{72C844F7-905A-4FC8-8D68-89B0DF880F45} = {15C1C0F0-61BE-4A6F-8674-387CA86AC04B}
		{B914BA2F-E3FD-4C3B-872B-23060E02E5DB} = {570D7597-51CE-4DAB-BE55-AB7065D7A8C7}
		{1B1961C5-D404-41CD-AB83-9CF54257182B} = {D77D66EA-9876-4AEF-8C26-F04574EFE867}
		{E021CA42-FA4A-43C2-96C6-AEFD2086F8EE} = {D77D66EA-9876-4AEF-8C26-F04574EFE867}
		{8EDAC57D-C4DE-42FA-9817-227E12A1244A} = {D77D66EA-9876-4AEF-8C26-F04574EFE867}
		{31869C5D-F7DE-4533-A558-A7C121A780CD} = {D77D66EA-9876-4AEF-8C26-F04574EFE867}
		{EFB83993-2862-43A2-A655-CC9DDA0F235C} = {D77D66EA-9876-4AEF-8C26-F04574EFE867}
		{2D684042-392D-4092-9582-3C30A2AF540D} = {D77D66EA-9876-4AEF-8C26-F04574EFE867}
		{B2B9C141-FE2E-4925-8616-298838615BD6} = {D77D66EA-9876-4AEF-8C26-F04574EFE867}
		{3DB22DB1-BFD5-4DB6-B8F1-6DC15D8810F7} = {B387092C-A320-496B-B123-3ABA43BFA6B1}
		{7833E071-2CC9-40E2-92A8-ACFD1B2FA8B0} = {B387092C-A320-496B-B123-3ABA43BFA6B1}
		{548E764D-6CC0-42F8-9FCB-80B54963A7FC} = {B387092C-A320-496B-B123-3ABA43BFA6B1}
		{4F4D8833-927D-45BC-AA01-6DCF1DCA853C} = {B387092C-A320-496B-B123-3ABA43BFA6B1}
		{06E8BB1A-B63B-428C-8954-8E3E2273955A} = {B387092C-A320-496B-B123-3ABA43BFA6B1}
		{7AF6B517-8137-424C-8508-9F0578307B2C} = {B387092C-A320-496B-B123-3ABA43BFA6B1}
		{92145C1E-A6E9-4545-B616-B2C5B3D83CDB} = {B387092C-A320-496B-B123-3ABA43BFA6B1}
		{18A8AA66-A92A-44A5-A303-2A65DCC2F3D5} = {B387092C-A320-496B-B123-3ABA43BFA6B1}
		{8DD7F62B-995B-4878-AA14-746616C2407C} = {B387092C-A320-496B-B123-3ABA43BFA6B1}
		{B7D3EFBA-B8B7-43DF-94FA-970A7AFB385B} = {B387092C-A320-496B-B123-3ABA43BFA6B1}
		{5C0D8989-D1C0-40C3-A1B3-5A1D96E92A26} = {B387092C-A320-496B-B123-3ABA43BFA6B1}
		{9F96B94E-35F4-407D-A858-6CCA55C79D04} = {45085A16-EC66-42D3-BE91-964E3BBCD42F}
		{FAF6F959-3C9F-4F2D-9C31-5C7E89D5D284} = {B387092C-A320-496B-B123-3ABA43BFA6B1}
		{EEA4FFB6-7885-4B58-A60D-9CAB78D263EA} = {6148F30A-8C0B-492B-884F-4E3E0C88B458}
		{83A7D8F2-ACAE-49E9-9BC1-D8A80F5B3327} = {6148F30A-8C0B-492B-884F-4E3E0C88B458}
		{0B098089-8EDC-4E83-8FF5-8751D8251C49} = {6148F30A-8C0B-492B-884F-4E3E0C88B458}
		{03B1DDC3-7A25-405C-9558-C943DC55A8BD} = {6148F30A-8C0B-492B-884F-4E3E0C88B458}
		{3F30EA63-800D-4E04-A068-839EDBEA0789} = {6148F30A-8C0B-492B-884F-4E3E0C88B458}
	EndGlobalSection
	GlobalSection(ExtensibilityGlobals) = postSolution
		SolutionGuid = {1BEAF6BD-B42E-40E0-929E-2233182F9868}
	EndGlobalSection
EndGlobal
