
Microsoft Visual Studio Solution File, Format Version 12.00
# Visual Studio Version 16
VisualStudioVersion = 16.0.29613.14
MinimumVisualStudioVersion = 10.0.40219.1
Project("{FAE04EC0-301F-11D3-BF4B-00C04F79EFBC}") = "VLTest2015", "VLTest2015\VLTest2015.csproj", "{CD7709E9-2B10-4CE6-8186-DA805D8A5D1F}"
EndProject
Project("{9A19103F-16F7-4668-BE54-9A1E7A4F7556}") = "VL.NUnit", "VL.NUnit\VL.NUnit.csproj", "{F014836B-3CC6-49CD-8F69-1410379CC6F9}"
EndProject
Project("{9A19103F-16F7-4668-BE54-9A1E7A4F7556}") = "VL.Consoling", "VL.Console\VL.Consoling.csproj", "{A9393316-471A-40CF-8140-74AB0B3A6BEA}"
EndProject
Project("{2150E333-8FDC-42A3-9474-1A3956D46DE8}") = ".NetCore", ".NetCore", "{BE94E7B5-1C1E-4B28-B3F2-F5D441124B35}"
EndProject
Project("{2150E333-8FDC-42A3-9474-1A3956D46DE8}") = ".NetFramework", ".NetFramework", "{D9363D87-BBCA-4F83-A449-54E9B023CC5D}"
EndProject
Project("{FAE04EC0-301F-11D3-BF4B-00C04F79EFBC}") = "FileSystemWatcher", "FileSystemWatcher\FileSystemWatcher.csproj", "{69EF77D1-9A70-4851-A1F1-77E9C8E1DEB1}"
EndProject
Project("{9A19103F-16F7-4668-BE54-9A1E7A4F7556}") = "VL.RabbitMQConsumer", "VL.RabbitMQ_Comsumer\VL.RabbitMQConsumer.csproj", "{23799FA4-0EBD-41D4-B2DD-ED192C759DA6}"
EndProject
Project("{9A19103F-16F7-4668-BE54-9A1E7A4F7556}") = "VL.RabbitMQProducer", "VL.RabbitMQProducer\VL.RabbitMQProducer.csproj", "{F18F6FDD-561F-45A4-BDC5-BE78D3A09B84}"
EndProject
Project("{9A19103F-16F7-4668-BE54-9A1E7A4F7556}") = "VL.API", "VL.API\VL.API.csproj", "{7942BAA5-0946-42F8-B318-CCECFA75E43C}"
EndProject
Project("{9A19103F-16F7-4668-BE54-9A1E7A4F7556}") = "VL.WebApplication", "VL.WebApplication\VL.WebApplication.csproj", "{FD94B12F-F63F-43D0-951A-153D83E88083}"
EndProject
Project("{FAE04EC0-301F-11D3-BF4B-00C04F79EFBC}") = "MVCSample", "MVCSample\MVCSample.csproj", "{F2277E68-3F3A-4983-B135-DA530B540D1F}"
EndProject
Global
	GlobalSection(SolutionConfigurationPlatforms) = preSolution
		Debug|Any CPU = Debug|Any CPU
		Release|Any CPU = Release|Any CPU
	EndGlobalSection
	GlobalSection(ProjectConfigurationPlatforms) = postSolution
		{CD7709E9-2B10-4CE6-8186-DA805D8A5D1F}.Debug|Any CPU.ActiveCfg = Debug|Any CPU
		{CD7709E9-2B10-4CE6-8186-DA805D8A5D1F}.Debug|Any CPU.Build.0 = Debug|Any CPU
		{CD7709E9-2B10-4CE6-8186-DA805D8A5D1F}.Release|Any CPU.ActiveCfg = Release|Any CPU
		{CD7709E9-2B10-4CE6-8186-DA805D8A5D1F}.Release|Any CPU.Build.0 = Release|Any CPU
		{F014836B-3CC6-49CD-8F69-1410379CC6F9}.Debug|Any CPU.ActiveCfg = Debug|Any CPU
		{F014836B-3CC6-49CD-8F69-1410379CC6F9}.Debug|Any CPU.Build.0 = Debug|Any CPU
		{F014836B-3CC6-49CD-8F69-1410379CC6F9}.Release|Any CPU.ActiveCfg = Release|Any CPU
		{F014836B-3CC6-49CD-8F69-1410379CC6F9}.Release|Any CPU.Build.0 = Release|Any CPU
		{A9393316-471A-40CF-8140-74AB0B3A6BEA}.Debug|Any CPU.ActiveCfg = Debug|Any CPU
		{A9393316-471A-40CF-8140-74AB0B3A6BEA}.Debug|Any CPU.Build.0 = Debug|Any CPU
		{A9393316-471A-40CF-8140-74AB0B3A6BEA}.Release|Any CPU.ActiveCfg = Release|Any CPU
		{A9393316-471A-40CF-8140-74AB0B3A6BEA}.Release|Any CPU.Build.0 = Release|Any CPU
		{69EF77D1-9A70-4851-A1F1-77E9C8E1DEB1}.Debug|Any CPU.ActiveCfg = Debug|Any CPU
		{69EF77D1-9A70-4851-A1F1-77E9C8E1DEB1}.Debug|Any CPU.Build.0 = Debug|Any CPU
		{69EF77D1-9A70-4851-A1F1-77E9C8E1DEB1}.Release|Any CPU.ActiveCfg = Release|Any CPU
		{69EF77D1-9A70-4851-A1F1-77E9C8E1DEB1}.Release|Any CPU.Build.0 = Release|Any CPU
		{23799FA4-0EBD-41D4-B2DD-ED192C759DA6}.Debug|Any CPU.ActiveCfg = Debug|Any CPU
		{23799FA4-0EBD-41D4-B2DD-ED192C759DA6}.Debug|Any CPU.Build.0 = Debug|Any CPU
		{23799FA4-0EBD-41D4-B2DD-ED192C759DA6}.Release|Any CPU.ActiveCfg = Release|Any CPU
		{23799FA4-0EBD-41D4-B2DD-ED192C759DA6}.Release|Any CPU.Build.0 = Release|Any CPU
		{F18F6FDD-561F-45A4-BDC5-BE78D3A09B84}.Debug|Any CPU.ActiveCfg = Debug|Any CPU
		{F18F6FDD-561F-45A4-BDC5-BE78D3A09B84}.Debug|Any CPU.Build.0 = Debug|Any CPU
		{F18F6FDD-561F-45A4-BDC5-BE78D3A09B84}.Release|Any CPU.ActiveCfg = Release|Any CPU
		{F18F6FDD-561F-45A4-BDC5-BE78D3A09B84}.Release|Any CPU.Build.0 = Release|Any CPU
		{7942BAA5-0946-42F8-B318-CCECFA75E43C}.Debug|Any CPU.ActiveCfg = Debug|Any CPU
		{7942BAA5-0946-42F8-B318-CCECFA75E43C}.Debug|Any CPU.Build.0 = Debug|Any CPU
		{7942BAA5-0946-42F8-B318-CCECFA75E43C}.Release|Any CPU.ActiveCfg = Release|Any CPU
		{7942BAA5-0946-42F8-B318-CCECFA75E43C}.Release|Any CPU.Build.0 = Release|Any CPU
		{FD94B12F-F63F-43D0-951A-153D83E88083}.Debug|Any CPU.ActiveCfg = Debug|Any CPU
		{FD94B12F-F63F-43D0-951A-153D83E88083}.Debug|Any CPU.Build.0 = Debug|Any CPU
		{FD94B12F-F63F-43D0-951A-153D83E88083}.Release|Any CPU.ActiveCfg = Release|Any CPU
		{FD94B12F-F63F-43D0-951A-153D83E88083}.Release|Any CPU.Build.0 = Release|Any CPU
		{F2277E68-3F3A-4983-B135-DA530B540D1F}.Debug|Any CPU.ActiveCfg = Debug|Any CPU
		{F2277E68-3F3A-4983-B135-DA530B540D1F}.Debug|Any CPU.Build.0 = Debug|Any CPU
		{F2277E68-3F3A-4983-B135-DA530B540D1F}.Release|Any CPU.ActiveCfg = Release|Any CPU
		{F2277E68-3F3A-4983-B135-DA530B540D1F}.Release|Any CPU.Build.0 = Release|Any CPU
	EndGlobalSection
	GlobalSection(SolutionProperties) = preSolution
		HideSolutionNode = FALSE
	EndGlobalSection
	GlobalSection(NestedProjects) = preSolution
		{CD7709E9-2B10-4CE6-8186-DA805D8A5D1F} = {D9363D87-BBCA-4F83-A449-54E9B023CC5D}
		{F014836B-3CC6-49CD-8F69-1410379CC6F9} = {BE94E7B5-1C1E-4B28-B3F2-F5D441124B35}
		{A9393316-471A-40CF-8140-74AB0B3A6BEA} = {BE94E7B5-1C1E-4B28-B3F2-F5D441124B35}
		{69EF77D1-9A70-4851-A1F1-77E9C8E1DEB1} = {D9363D87-BBCA-4F83-A449-54E9B023CC5D}
		{23799FA4-0EBD-41D4-B2DD-ED192C759DA6} = {BE94E7B5-1C1E-4B28-B3F2-F5D441124B35}
		{F18F6FDD-561F-45A4-BDC5-BE78D3A09B84} = {BE94E7B5-1C1E-4B28-B3F2-F5D441124B35}
		{7942BAA5-0946-42F8-B318-CCECFA75E43C} = {BE94E7B5-1C1E-4B28-B3F2-F5D441124B35}
		{FD94B12F-F63F-43D0-951A-153D83E88083} = {BE94E7B5-1C1E-4B28-B3F2-F5D441124B35}
		{F2277E68-3F3A-4983-B135-DA530B540D1F} = {D9363D87-BBCA-4F83-A449-54E9B023CC5D}
	EndGlobalSection
	GlobalSection(ExtensibilityGlobals) = postSolution
		SolutionGuid = {0B197F7C-4E56-4D8A-8647-380CBA7F426A}
	EndGlobalSection
EndGlobal
