
Microsoft Visual Studio Solution File, Format Version 12.00
# Visual Studio Version 16
VisualStudioVersion = 16.0.29613.14
MinimumVisualStudioVersion = 10.0.40219.1
Project("{FAE04EC0-301F-11D3-BF4B-00C04F79EFBC}") = "VLTest2015", "VLTest2015\VLTest2015.csproj", "{CD7709E9-2B10-4CE6-8186-DA805D8A5D1F}"
EndProject
Project("{9A19103F-16F7-4668-BE54-9A1E7A4F7556}") = "VL.Amusing", "VL.Amusing\VL.Amusing.csproj", "{D6DE71A1-7D49-4DBF-913A-9CF205869CE8}"
EndProject
Project("{2150E333-8FDC-42A3-9474-1A3956D46DE8}") = "NetCore", "NetCore", "{0355904F-ECB9-4A31-994D-08B2711B62A2}"
EndProject
Project("{9A19103F-16F7-4668-BE54-9A1E7A4F7556}") = "VL.NUnit", "VL.NUnit\VL.NUnit.csproj", "{20109902-DF70-425B-AE62-B2E4FB6371B4}"
EndProject
Project("{9A19103F-16F7-4668-BE54-9A1E7A4F7556}") = "VL.Consolo_Core", "VL.Console\VL.Consolo_Core.csproj", "{6C72068E-5115-4F5D-A457-2D434805E2EB}"
EndProject
Project("{2150E333-8FDC-42A3-9474-1A3956D46DE8}") = "Framework", "Framework", "{45085A16-EC66-42D3-BE91-964E3BBCD42F}"
EndProject
Project("{FAE04EC0-301F-11D3-BF4B-00C04F79EFBC}") = "GJ.SyncFile_TXJH", "FileSystemWatcher\GJ.SyncFile_TXJH.csproj", "{69EF77D1-9A70-4851-A1F1-77E9C8E1DEB1}"
EndProject
Project("{9A19103F-16F7-4668-BE54-9A1E7A4F7556}") = "VL.RabbitMQConsumer", "VL.RabbitMQ_Comsumer\VL.RabbitMQConsumer.csproj", "{AB6FD505-B72F-4626-A45D-89DDF513A1AD}"
EndProject
Project("{9A19103F-16F7-4668-BE54-9A1E7A4F7556}") = "VL.RabbitMQProducer", "VL.RabbitMQProducer\VL.RabbitMQProducer.csproj", "{0E73551E-4CB0-4B1E-BD5C-0A60E4704545}"
EndProject
Project("{9A19103F-16F7-4668-BE54-9A1E7A4F7556}") = "VL.API", "VL.API\VL.API.csproj", "{4773F251-1808-47BD-AC7C-C0CD96106689}"
EndProject
Project("{9A19103F-16F7-4668-BE54-9A1E7A4F7556}") = "VL.WebApplication", "VL.WebApplication\VL.WebApplication.csproj", "{820048BF-9A93-49F7-80CD-89E779278D2E}"
EndProject
Project("{FAE04EC0-301F-11D3-BF4B-00C04F79EFBC}") = "VL.Consolo_Framework", "FrameworkTest\VL.Consolo_Framework.csproj", "{975342C6-A3C5-4AC6-AACE-109F01C5AA93}"
EndProject
Project("{FAE04EC0-301F-11D3-BF4B-00C04F79EFBC}") = "VL.Scheduler", "VL.WindowsFormsApp\VL.Scheduler.csproj", "{7767A9D0-1BB6-4751-B1C2-63A785A856F5}"
EndProject
Project("{FAE04EC0-301F-11D3-BF4B-00C04F79EFBC}") = "FS.SyncTask", "FS.SyncTask\FS.SyncTask.csproj", "{B272E273-8570-46A0-8A45-DB926E0F6866}"
EndProject
Project("{2150E333-8FDC-42A3-9474-1A3956D46DE8}") = "Business", "Business", "{50A139EF-55FE-4799-8334-AC3B5E2A255A}"
EndProject
Project("{FAE04EC0-301F-11D3-BF4B-00C04F79EFBC}") = "FS.SyncManager", "FS.SyncManager\FS.SyncManager.csproj", "{F5F5A093-5332-4BC1-8FF5-938CA4C316E2}"
EndProject
Global
	GlobalSection(SolutionConfigurationPlatforms) = preSolution
		Debug|Any CPU = Debug|Any CPU
		Release|Any CPU = Release|Any CPU
	EndGlobalSection
	GlobalSection(ProjectConfigurationPlatforms) = postSolution
		{CD7709E9-2B10-4CE6-8186-DA805D8A5D1F}.Debug|Any CPU.ActiveCfg = Debug|Any CPU
		{CD7709E9-2B10-4CE6-8186-DA805D8A5D1F}.Debug|Any CPU.Build.0 = Debug|Any CPU
		{CD7709E9-2B10-4CE6-8186-DA805D8A5D1F}.Release|Any CPU.ActiveCfg = Release|Any CPU
		{CD7709E9-2B10-4CE6-8186-DA805D8A5D1F}.Release|Any CPU.Build.0 = Release|Any CPU
		{D6DE71A1-7D49-4DBF-913A-9CF205869CE8}.Debug|Any CPU.ActiveCfg = Debug|Any CPU
		{D6DE71A1-7D49-4DBF-913A-9CF205869CE8}.Debug|Any CPU.Build.0 = Debug|Any CPU
		{D6DE71A1-7D49-4DBF-913A-9CF205869CE8}.Release|Any CPU.ActiveCfg = Release|Any CPU
		{D6DE71A1-7D49-4DBF-913A-9CF205869CE8}.Release|Any CPU.Build.0 = Release|Any CPU
		{20109902-DF70-425B-AE62-B2E4FB6371B4}.Debug|Any CPU.ActiveCfg = Debug|Any CPU
		{20109902-DF70-425B-AE62-B2E4FB6371B4}.Debug|Any CPU.Build.0 = Debug|Any CPU
		{20109902-DF70-425B-AE62-B2E4FB6371B4}.Release|Any CPU.ActiveCfg = Release|Any CPU
		{20109902-DF70-425B-AE62-B2E4FB6371B4}.Release|Any CPU.Build.0 = Release|Any CPU
		{6C72068E-5115-4F5D-A457-2D434805E2EB}.Debug|Any CPU.ActiveCfg = Debug|Any CPU
		{6C72068E-5115-4F5D-A457-2D434805E2EB}.Debug|Any CPU.Build.0 = Debug|Any CPU
		{6C72068E-5115-4F5D-A457-2D434805E2EB}.Release|Any CPU.ActiveCfg = Release|Any CPU
		{6C72068E-5115-4F5D-A457-2D434805E2EB}.Release|Any CPU.Build.0 = Release|Any CPU
		{69EF77D1-9A70-4851-A1F1-77E9C8E1DEB1}.Debug|Any CPU.ActiveCfg = Debug|Any CPU
		{69EF77D1-9A70-4851-A1F1-77E9C8E1DEB1}.Debug|Any CPU.Build.0 = Debug|Any CPU
		{69EF77D1-9A70-4851-A1F1-77E9C8E1DEB1}.Release|Any CPU.ActiveCfg = Release|Any CPU
		{69EF77D1-9A70-4851-A1F1-77E9C8E1DEB1}.Release|Any CPU.Build.0 = Release|Any CPU
		{AB6FD505-B72F-4626-A45D-89DDF513A1AD}.Debug|Any CPU.ActiveCfg = Debug|Any CPU
		{AB6FD505-B72F-4626-A45D-89DDF513A1AD}.Debug|Any CPU.Build.0 = Debug|Any CPU
		{AB6FD505-B72F-4626-A45D-89DDF513A1AD}.Release|Any CPU.ActiveCfg = Release|Any CPU
		{AB6FD505-B72F-4626-A45D-89DDF513A1AD}.Release|Any CPU.Build.0 = Release|Any CPU
		{0E73551E-4CB0-4B1E-BD5C-0A60E4704545}.Debug|Any CPU.ActiveCfg = Debug|Any CPU
		{0E73551E-4CB0-4B1E-BD5C-0A60E4704545}.Debug|Any CPU.Build.0 = Debug|Any CPU
		{0E73551E-4CB0-4B1E-BD5C-0A60E4704545}.Release|Any CPU.ActiveCfg = Release|Any CPU
		{0E73551E-4CB0-4B1E-BD5C-0A60E4704545}.Release|Any CPU.Build.0 = Release|Any CPU
		{4773F251-1808-47BD-AC7C-C0CD96106689}.Debug|Any CPU.ActiveCfg = Debug|Any CPU
		{4773F251-1808-47BD-AC7C-C0CD96106689}.Debug|Any CPU.Build.0 = Debug|Any CPU
		{4773F251-1808-47BD-AC7C-C0CD96106689}.Release|Any CPU.ActiveCfg = Release|Any CPU
		{4773F251-1808-47BD-AC7C-C0CD96106689}.Release|Any CPU.Build.0 = Release|Any CPU
		{820048BF-9A93-49F7-80CD-89E779278D2E}.Debug|Any CPU.ActiveCfg = Debug|Any CPU
		{820048BF-9A93-49F7-80CD-89E779278D2E}.Debug|Any CPU.Build.0 = Debug|Any CPU
		{820048BF-9A93-49F7-80CD-89E779278D2E}.Release|Any CPU.ActiveCfg = Release|Any CPU
		{820048BF-9A93-49F7-80CD-89E779278D2E}.Release|Any CPU.Build.0 = Release|Any CPU
		{975342C6-A3C5-4AC6-AACE-109F01C5AA93}.Debug|Any CPU.ActiveCfg = Debug|Any CPU
		{975342C6-A3C5-4AC6-AACE-109F01C5AA93}.Debug|Any CPU.Build.0 = Debug|Any CPU
		{975342C6-A3C5-4AC6-AACE-109F01C5AA93}.Release|Any CPU.ActiveCfg = Release|Any CPU
		{975342C6-A3C5-4AC6-AACE-109F01C5AA93}.Release|Any CPU.Build.0 = Release|Any CPU
		{7767A9D0-1BB6-4751-B1C2-63A785A856F5}.Debug|Any CPU.ActiveCfg = Debug|Any CPU
		{7767A9D0-1BB6-4751-B1C2-63A785A856F5}.Debug|Any CPU.Build.0 = Debug|Any CPU
		{7767A9D0-1BB6-4751-B1C2-63A785A856F5}.Release|Any CPU.ActiveCfg = Release|Any CPU
		{7767A9D0-1BB6-4751-B1C2-63A785A856F5}.Release|Any CPU.Build.0 = Release|Any CPU
		{B272E273-8570-46A0-8A45-DB926E0F6866}.Debug|Any CPU.ActiveCfg = Debug|Any CPU
		{B272E273-8570-46A0-8A45-DB926E0F6866}.Debug|Any CPU.Build.0 = Debug|Any CPU
		{B272E273-8570-46A0-8A45-DB926E0F6866}.Release|Any CPU.ActiveCfg = Release|Any CPU
		{B272E273-8570-46A0-8A45-DB926E0F6866}.Release|Any CPU.Build.0 = Release|Any CPU
		{F5F5A093-5332-4BC1-8FF5-938CA4C316E2}.Debug|Any CPU.ActiveCfg = Debug|Any CPU
		{F5F5A093-5332-4BC1-8FF5-938CA4C316E2}.Debug|Any CPU.Build.0 = Debug|Any CPU
		{F5F5A093-5332-4BC1-8FF5-938CA4C316E2}.Release|Any CPU.ActiveCfg = Release|Any CPU
		{F5F5A093-5332-4BC1-8FF5-938CA4C316E2}.Release|Any CPU.Build.0 = Release|Any CPU
	EndGlobalSection
	GlobalSection(SolutionProperties) = preSolution
		HideSolutionNode = FALSE
	EndGlobalSection
	GlobalSection(NestedProjects) = preSolution
		{CD7709E9-2B10-4CE6-8186-DA805D8A5D1F} = {45085A16-EC66-42D3-BE91-964E3BBCD42F}
		{D6DE71A1-7D49-4DBF-913A-9CF205869CE8} = {0355904F-ECB9-4A31-994D-08B2711B62A2}
		{20109902-DF70-425B-AE62-B2E4FB6371B4} = {0355904F-ECB9-4A31-994D-08B2711B62A2}
		{6C72068E-5115-4F5D-A457-2D434805E2EB} = {0355904F-ECB9-4A31-994D-08B2711B62A2}
		{69EF77D1-9A70-4851-A1F1-77E9C8E1DEB1} = {50A139EF-55FE-4799-8334-AC3B5E2A255A}
		{AB6FD505-B72F-4626-A45D-89DDF513A1AD} = {0355904F-ECB9-4A31-994D-08B2711B62A2}
		{0E73551E-4CB0-4B1E-BD5C-0A60E4704545} = {0355904F-ECB9-4A31-994D-08B2711B62A2}
		{4773F251-1808-47BD-AC7C-C0CD96106689} = {0355904F-ECB9-4A31-994D-08B2711B62A2}
		{820048BF-9A93-49F7-80CD-89E779278D2E} = {0355904F-ECB9-4A31-994D-08B2711B62A2}
		{975342C6-A3C5-4AC6-AACE-109F01C5AA93} = {45085A16-EC66-42D3-BE91-964E3BBCD42F}
		{7767A9D0-1BB6-4751-B1C2-63A785A856F5} = {45085A16-EC66-42D3-BE91-964E3BBCD42F}
		{B272E273-8570-46A0-8A45-DB926E0F6866} = {50A139EF-55FE-4799-8334-AC3B5E2A255A}
		{F5F5A093-5332-4BC1-8FF5-938CA4C316E2} = {50A139EF-55FE-4799-8334-AC3B5E2A255A}
	EndGlobalSection
	GlobalSection(ExtensibilityGlobals) = postSolution
		SolutionGuid = {1BEAF6BD-B42E-40E0-929E-2233182F9868}
	EndGlobalSection
EndGlobal
